// !$*UTF8*$!
{
	archiveVersion = 1;
	classes = {
	};
	objectVersion = 55;
	objects = {

/* Begin PBXBuildFile section */
		2B6B95762712498C003CC015 /* AppDelegate.swift in Sources */ = {isa = PBXBuildFile; fileRef = 2B6B95752712498C003CC015 /* AppDelegate.swift */; };
		2B6B95782712498D003CC015 /* SceneDelegate.swift in Sources */ = {isa = PBXBuildFile; fileRef = 2B6B95772712498D003CC015 /* SceneDelegate.swift */; };
		2B6B957A2712498D003CC015 /* ViewController.swift in Sources */ = {isa = PBXBuildFile; fileRef = 2B6B95792712498D003CC015 /* ViewController.swift */; };
		2B6B957F2712498F003CC015 /* Assets.xcassets in Resources */ = {isa = PBXBuildFile; fileRef = 2B6B957E2712498F003CC015 /* Assets.xcassets */; };
		2B6B95822712498F003CC015 /* LaunchScreen.storyboard in Resources */ = {isa = PBXBuildFile; fileRef = 2B6B95802712498F003CC015 /* LaunchScreen.storyboard */; };
		2B6B958D27124990003CC015 /* HW3_Mustafa_GorgunTests.swift in Sources */ = {isa = PBXBuildFile; fileRef = 2B6B958C27124990003CC015 /* HW3_Mustafa_GorgunTests.swift */; };
		2B6B959727124990003CC015 /* HW3_Mustafa_GorgunUITests.swift in Sources */ = {isa = PBXBuildFile; fileRef = 2B6B959627124990003CC015 /* HW3_Mustafa_GorgunUITests.swift */; };
		2B6B959927124990003CC015 /* HW3_Mustafa_GorgunUITestsLaunchTests.swift in Sources */ = {isa = PBXBuildFile; fileRef = 2B6B959827124990003CC015 /* HW3_Mustafa_GorgunUITestsLaunchTests.swift */; };
		2B6B95A827134F63003CC015 /* MainViewModel.swift in Sources */ = {isa = PBXBuildFile; fileRef = 2B6B95A727134F63003CC015 /* MainViewModel.swift */; };
		2B6B95AA27135080003CC015 /* MainViewController.swift in Sources */ = {isa = PBXBuildFile; fileRef = 2B6B95A927135080003CC015 /* MainViewController.swift */; };
		2B6B95AC271350C3003CC015 /* MainViewBuilder.swift in Sources */ = {isa = PBXBuildFile; fileRef = 2B6B95AB271350C3003CC015 /* MainViewBuilder.swift */; };
		2B6B95AF271351B3003CC015 /* BaseView.swift in Sources */ = {isa = PBXBuildFile; fileRef = 2B6B95AE271351B3003CC015 /* BaseView.swift */; };
		2B6B95B1271351F6003CC015 /* BaseViewController.swift in Sources */ = {isa = PBXBuildFile; fileRef = 2B6B95B0271351F6003CC015 /* BaseViewController.swift */; };
		2B6B95B3271353A0003CC015 /* GenericBaseView.swift in Sources */ = {isa = PBXBuildFile; fileRef = 2B6B95B2271353A0003CC015 /* GenericBaseView.swift */; };
		2B6B95B5271353C1003CC015 /* GenericValueProtocol.swift in Sources */ = {isa = PBXBuildFile; fileRef = 2B6B95B4271353C1003CC015 /* GenericValueProtocol.swift */; };
		2B6B95B727138FE4003CC015 /* TestViewController.swift in Sources */ = {isa = PBXBuildFile; fileRef = 2B6B95B627138FE4003CC015 /* TestViewController.swift */; };
		2B6B95BA2713A760003CC015 /* MainTabBarController.swift in Sources */ = {isa = PBXBuildFile; fileRef = 2B6B95B92713A760003CC015 /* MainTabBarController.swift */; };
		2B6B95BC2713A849003CC015 /* MainTabBarBuilder.swift in Sources */ = {isa = PBXBuildFile; fileRef = 2B6B95BB2713A849003CC015 /* MainTabBarBuilder.swift */; };
		2B6B95C32713B03A003CC015 /* TabBarImages.swift in Sources */ = {isa = PBXBuildFile; fileRef = 2B6B95C22713B03A003CC015 /* TabBarImages.swift */; };
		2B6B95C82713B255003CC015 /* FavoriteViewController.swift in Sources */ = {isa = PBXBuildFile; fileRef = 2B6B95C72713B255003CC015 /* FavoriteViewController.swift */; };
		2B6B95CA2713B274003CC015 /* FavoriteViewModel.swift in Sources */ = {isa = PBXBuildFile; fileRef = 2B6B95C92713B274003CC015 /* FavoriteViewModel.swift */; };
		2B6B95CC2713B29A003CC015 /* FavoriteViewBuilder.swift in Sources */ = {isa = PBXBuildFile; fileRef = 2B6B95CB2713B29A003CC015 /* FavoriteViewBuilder.swift */; };
		2B6B95CF2713C1B8003CC015 /* DefaultNetworkOperationPackage in Frameworks */ = {isa = PBXBuildFile; productRef = 2B6B95CE2713C1B8003CC015 /* DefaultNetworkOperationPackage */; };
		2B6B95D52713C75F003CC015 /* CharacterListViewController.swift in Sources */ = {isa = PBXBuildFile; fileRef = 2B6B95D42713C75F003CC015 /* CharacterListViewController.swift */; };
		2B6B95D72713C78E003CC015 /* CharacterListViewBuilder.swift in Sources */ = {isa = PBXBuildFile; fileRef = 2B6B95D62713C78E003CC015 /* CharacterListViewBuilder.swift */; };
		2B6B95D92713C7B8003CC015 /* CharacterListViewModel.swift in Sources */ = {isa = PBXBuildFile; fileRef = 2B6B95D82713C7B8003CC015 /* CharacterListViewModel.swift */; };
		2B6B95DD2713CDC2003CC015 /* ItemListView.swift in Sources */ = {isa = PBXBuildFile; fileRef = 2B6B95DC2713CDC2003CC015 /* ItemListView.swift */; };
		2B6B95E02713D369003CC015 /* SampleTest.swift in Sources */ = {isa = PBXBuildFile; fileRef = 2B6B95DF2713D369003CC015 /* SampleTest.swift */; };
		2B6B95E22713E0BB003CC015 /* ItemListProtocol.swift in Sources */ = {isa = PBXBuildFile; fileRef = 2B6B95E12713E0BB003CC015 /* ItemListProtocol.swift */; };
		2B6B95E42713E256003CC015 /* GenericDataProtocol.swift in Sources */ = {isa = PBXBuildFile; fileRef = 2B6B95E32713E256003CC015 /* GenericDataProtocol.swift */; };
		2B6B95E72713E9DB003CC015 /* ItemTableViewCell.swift in Sources */ = {isa = PBXBuildFile; fileRef = 2B6B95E62713E9DB003CC015 /* ItemTableViewCell.swift */; };
		2B6B95E92713EB82003CC015 /* BaseTableViewCell.swift in Sources */ = {isa = PBXBuildFile; fileRef = 2B6B95E82713EB82003CC015 /* BaseTableViewCell.swift */; };
/* End PBXBuildFile section */

/* Begin PBXContainerItemProxy section */
		2B6B958927124990003CC015 /* PBXContainerItemProxy */ = {
			isa = PBXContainerItemProxy;
			containerPortal = 2B6B956A2712498C003CC015 /* Project object */;
			proxyType = 1;
			remoteGlobalIDString = 2B6B95712712498C003CC015;
			remoteInfo = HW3_Mustafa_Gorgun;
		};
		2B6B959327124990003CC015 /* PBXContainerItemProxy */ = {
			isa = PBXContainerItemProxy;
			containerPortal = 2B6B956A2712498C003CC015 /* Project object */;
			proxyType = 1;
			remoteGlobalIDString = 2B6B95712712498C003CC015;
			remoteInfo = HW3_Mustafa_Gorgun;
		};
/* End PBXContainerItemProxy section */

/* Begin PBXFileReference section */
		2B6B95722712498C003CC015 /* HW3_Mustafa_Gorgun.app */ = {isa = PBXFileReference; explicitFileType = wrapper.application; includeInIndex = 0; path = HW3_Mustafa_Gorgun.app; sourceTree = BUILT_PRODUCTS_DIR; };
		2B6B95752712498C003CC015 /* AppDelegate.swift */ = {isa = PBXFileReference; lastKnownFileType = sourcecode.swift; path = AppDelegate.swift; sourceTree = "<group>"; };
		2B6B95772712498D003CC015 /* SceneDelegate.swift */ = {isa = PBXFileReference; lastKnownFileType = sourcecode.swift; path = SceneDelegate.swift; sourceTree = "<group>"; };
		2B6B95792712498D003CC015 /* ViewController.swift */ = {isa = PBXFileReference; lastKnownFileType = sourcecode.swift; path = ViewController.swift; sourceTree = "<group>"; };
		2B6B957E2712498F003CC015 /* Assets.xcassets */ = {isa = PBXFileReference; lastKnownFileType = folder.assetcatalog; path = Assets.xcassets; sourceTree = "<group>"; };
		2B6B95812712498F003CC015 /* Base */ = {isa = PBXFileReference; lastKnownFileType = file.storyboard; name = Base; path = Base.lproj/LaunchScreen.storyboard; sourceTree = "<group>"; };
		2B6B95832712498F003CC015 /* Info.plist */ = {isa = PBXFileReference; lastKnownFileType = text.plist.xml; path = Info.plist; sourceTree = "<group>"; };
		2B6B958827124990003CC015 /* HW3_Mustafa_GorgunTests.xctest */ = {isa = PBXFileReference; explicitFileType = wrapper.cfbundle; includeInIndex = 0; path = HW3_Mustafa_GorgunTests.xctest; sourceTree = BUILT_PRODUCTS_DIR; };
		2B6B958C27124990003CC015 /* HW3_Mustafa_GorgunTests.swift */ = {isa = PBXFileReference; lastKnownFileType = sourcecode.swift; path = HW3_Mustafa_GorgunTests.swift; sourceTree = "<group>"; };
		2B6B959227124990003CC015 /* HW3_Mustafa_GorgunUITests.xctest */ = {isa = PBXFileReference; explicitFileType = wrapper.cfbundle; includeInIndex = 0; path = HW3_Mustafa_GorgunUITests.xctest; sourceTree = BUILT_PRODUCTS_DIR; };
		2B6B959627124990003CC015 /* HW3_Mustafa_GorgunUITests.swift */ = {isa = PBXFileReference; lastKnownFileType = sourcecode.swift; path = HW3_Mustafa_GorgunUITests.swift; sourceTree = "<group>"; };
		2B6B959827124990003CC015 /* HW3_Mustafa_GorgunUITestsLaunchTests.swift */ = {isa = PBXFileReference; lastKnownFileType = sourcecode.swift; path = HW3_Mustafa_GorgunUITestsLaunchTests.swift; sourceTree = "<group>"; };
		2B6B95A727134F63003CC015 /* MainViewModel.swift */ = {isa = PBXFileReference; lastKnownFileType = sourcecode.swift; path = MainViewModel.swift; sourceTree = "<group>"; };
		2B6B95A927135080003CC015 /* MainViewController.swift */ = {isa = PBXFileReference; lastKnownFileType = sourcecode.swift; path = MainViewController.swift; sourceTree = "<group>"; };
		2B6B95AB271350C3003CC015 /* MainViewBuilder.swift */ = {isa = PBXFileReference; lastKnownFileType = sourcecode.swift; path = MainViewBuilder.swift; sourceTree = "<group>"; };
		2B6B95AE271351B3003CC015 /* BaseView.swift */ = {isa = PBXFileReference; lastKnownFileType = sourcecode.swift; path = BaseView.swift; sourceTree = "<group>"; };
		2B6B95B0271351F6003CC015 /* BaseViewController.swift */ = {isa = PBXFileReference; lastKnownFileType = sourcecode.swift; path = BaseViewController.swift; sourceTree = "<group>"; };
		2B6B95B2271353A0003CC015 /* GenericBaseView.swift */ = {isa = PBXFileReference; lastKnownFileType = sourcecode.swift; path = GenericBaseView.swift; sourceTree = "<group>"; };
		2B6B95B4271353C1003CC015 /* GenericValueProtocol.swift */ = {isa = PBXFileReference; lastKnownFileType = sourcecode.swift; path = GenericValueProtocol.swift; sourceTree = "<group>"; };
		2B6B95B627138FE4003CC015 /* TestViewController.swift */ = {isa = PBXFileReference; lastKnownFileType = sourcecode.swift; path = TestViewController.swift; sourceTree = "<group>"; };
		2B6B95B92713A760003CC015 /* MainTabBarController.swift */ = {isa = PBXFileReference; lastKnownFileType = sourcecode.swift; path = MainTabBarController.swift; sourceTree = "<group>"; };
		2B6B95BB2713A849003CC015 /* MainTabBarBuilder.swift */ = {isa = PBXFileReference; lastKnownFileType = sourcecode.swift; path = MainTabBarBuilder.swift; sourceTree = "<group>"; };
		2B6B95C22713B03A003CC015 /* TabBarImages.swift */ = {isa = PBXFileReference; lastKnownFileType = sourcecode.swift; path = TabBarImages.swift; sourceTree = "<group>"; };
		2B6B95C72713B255003CC015 /* FavoriteViewController.swift */ = {isa = PBXFileReference; lastKnownFileType = sourcecode.swift; path = FavoriteViewController.swift; sourceTree = "<group>"; };
		2B6B95C92713B274003CC015 /* FavoriteViewModel.swift */ = {isa = PBXFileReference; lastKnownFileType = sourcecode.swift; path = FavoriteViewModel.swift; sourceTree = "<group>"; };
		2B6B95CB2713B29A003CC015 /* FavoriteViewBuilder.swift */ = {isa = PBXFileReference; lastKnownFileType = sourcecode.swift; path = FavoriteViewBuilder.swift; sourceTree = "<group>"; };
		2B6B95D42713C75F003CC015 /* CharacterListViewController.swift */ = {isa = PBXFileReference; lastKnownFileType = sourcecode.swift; path = CharacterListViewController.swift; sourceTree = "<group>"; };
		2B6B95D62713C78E003CC015 /* CharacterListViewBuilder.swift */ = {isa = PBXFileReference; lastKnownFileType = sourcecode.swift; path = CharacterListViewBuilder.swift; sourceTree = "<group>"; };
		2B6B95D82713C7B8003CC015 /* CharacterListViewModel.swift */ = {isa = PBXFileReference; lastKnownFileType = sourcecode.swift; path = CharacterListViewModel.swift; sourceTree = "<group>"; };
		2B6B95DC2713CDC2003CC015 /* ItemListView.swift */ = {isa = PBXFileReference; lastKnownFileType = sourcecode.swift; path = ItemListView.swift; sourceTree = "<group>"; };
		2B6B95DF2713D369003CC015 /* SampleTest.swift */ = {isa = PBXFileReference; lastKnownFileType = sourcecode.swift; path = SampleTest.swift; sourceTree = "<group>"; };
		2B6B95E12713E0BB003CC015 /* ItemListProtocol.swift */ = {isa = PBXFileReference; lastKnownFileType = sourcecode.swift; path = ItemListProtocol.swift; sourceTree = "<group>"; };
		2B6B95E32713E256003CC015 /* GenericDataProtocol.swift */ = {isa = PBXFileReference; lastKnownFileType = sourcecode.swift; path = GenericDataProtocol.swift; sourceTree = "<group>"; };
		2B6B95E62713E9DB003CC015 /* ItemTableViewCell.swift */ = {isa = PBXFileReference; lastKnownFileType = sourcecode.swift; path = ItemTableViewCell.swift; sourceTree = "<group>"; };
		2B6B95E82713EB82003CC015 /* BaseTableViewCell.swift */ = {isa = PBXFileReference; lastKnownFileType = sourcecode.swift; path = BaseTableViewCell.swift; sourceTree = "<group>"; };
/* End PBXFileReference section */

/* Begin PBXFrameworksBuildPhase section */
		2B6B956F2712498C003CC015 /* Frameworks */ = {
			isa = PBXFrameworksBuildPhase;
			buildActionMask = 2147483647;
			files = (
				2B6B95CF2713C1B8003CC015 /* DefaultNetworkOperationPackage in Frameworks */,
			);
			runOnlyForDeploymentPostprocessing = 0;
		};
		2B6B958527124990003CC015 /* Frameworks */ = {
			isa = PBXFrameworksBuildPhase;
			buildActionMask = 2147483647;
			files = (
			);
			runOnlyForDeploymentPostprocessing = 0;
		};
		2B6B958F27124990003CC015 /* Frameworks */ = {
			isa = PBXFrameworksBuildPhase;
			buildActionMask = 2147483647;
			files = (
			);
			runOnlyForDeploymentPostprocessing = 0;
		};
/* End PBXFrameworksBuildPhase section */

/* Begin PBXGroup section */
		2B6B95692712498C003CC015 = {
			isa = PBXGroup;
			children = (
				2B6B95742712498C003CC015 /* HW3_Mustafa_Gorgun */,
				2B6B958B27124990003CC015 /* HW3_Mustafa_GorgunTests */,
				2B6B959527124990003CC015 /* HW3_Mustafa_GorgunUITests */,
				2B6B95732712498C003CC015 /* Products */,
			);
			sourceTree = "<group>";
		};
		2B6B95732712498C003CC015 /* Products */ = {
			isa = PBXGroup;
			children = (
				2B6B95722712498C003CC015 /* HW3_Mustafa_Gorgun.app */,
				2B6B958827124990003CC015 /* HW3_Mustafa_GorgunTests.xctest */,
				2B6B959227124990003CC015 /* HW3_Mustafa_GorgunUITests.xctest */,
			);
			name = Products;
			sourceTree = "<group>";
		};
		2B6B95742712498C003CC015 /* HW3_Mustafa_Gorgun */ = {
			isa = PBXGroup;
			children = (
				2B6B95DA2713CD80003CC015 /* Components */,
				2B6B95BE2713AFF2003CC015 /* Utilities */,
				2B6B95BD2713AF08003CC015 /* Temp */,
				2B6B95AD27135195003CC015 /* BaseComponents */,
				2B6B95A527134F34003CC015 /* SceneModules */,
				2B6B95752712498C003CC015 /* AppDelegate.swift */,
				2B6B95772712498D003CC015 /* SceneDelegate.swift */,
				2B6B95792712498D003CC015 /* ViewController.swift */,
				2B6B957E2712498F003CC015 /* Assets.xcassets */,
				2B6B95802712498F003CC015 /* LaunchScreen.storyboard */,
				2B6B95832712498F003CC015 /* Info.plist */,
			);
			path = HW3_Mustafa_Gorgun;
			sourceTree = "<group>";
			usesTabs = 0;
		};
		2B6B958B27124990003CC015 /* HW3_Mustafa_GorgunTests */ = {
			isa = PBXGroup;
			children = (
				2B6B958C27124990003CC015 /* HW3_Mustafa_GorgunTests.swift */,
			);
			path = HW3_Mustafa_GorgunTests;
			sourceTree = "<group>";
		};
		2B6B959527124990003CC015 /* HW3_Mustafa_GorgunUITests */ = {
			isa = PBXGroup;
			children = (
				2B6B959627124990003CC015 /* HW3_Mustafa_GorgunUITests.swift */,
				2B6B959827124990003CC015 /* HW3_Mustafa_GorgunUITestsLaunchTests.swift */,
			);
			path = HW3_Mustafa_GorgunUITests;
			sourceTree = "<group>";
		};
		2B6B95A527134F34003CC015 /* SceneModules */ = {
			isa = PBXGroup;
			children = (
				2B6B95D32713C71E003CC015 /* CharacterList */,
				2B6B95C42713B1D9003CC015 /* Favorites */,
				2B6B95B82713A73F003CC015 /* MainTabBar */,
				2B6B95A627134F4A003CC015 /* Main */,
			);
			path = SceneModules;
			sourceTree = "<group>";
		};
		2B6B95A627134F4A003CC015 /* Main */ = {
			isa = PBXGroup;
			children = (
				2B6B95A727134F63003CC015 /* MainViewModel.swift */,
				2B6B95A927135080003CC015 /* MainViewController.swift */,
				2B6B95AB271350C3003CC015 /* MainViewBuilder.swift */,
			);
			path = Main;
			sourceTree = "<group>";
		};
		2B6B95AD27135195003CC015 /* BaseComponents */ = {
			isa = PBXGroup;
			children = (
				2B6B95AE271351B3003CC015 /* BaseView.swift */,
				2B6B95B0271351F6003CC015 /* BaseViewController.swift */,
				2B6B95B2271353A0003CC015 /* GenericBaseView.swift */,
				2B6B95B4271353C1003CC015 /* GenericValueProtocol.swift */,
				2B6B95E32713E256003CC015 /* GenericDataProtocol.swift */,
				2B6B95E82713EB82003CC015 /* BaseTableViewCell.swift */,
			);
			path = BaseComponents;
			sourceTree = "<group>";
		};
		2B6B95B82713A73F003CC015 /* MainTabBar */ = {
			isa = PBXGroup;
			children = (
				2B6B95B92713A760003CC015 /* MainTabBarController.swift */,
				2B6B95BB2713A849003CC015 /* MainTabBarBuilder.swift */,
			);
			path = MainTabBar;
			sourceTree = "<group>";
		};
		2B6B95BD2713AF08003CC015 /* Temp */ = {
			isa = PBXGroup;
			children = (
				2B6B95B627138FE4003CC015 /* TestViewController.swift */,
			);
			path = Temp;
			sourceTree = "<group>";
		};
		2B6B95BE2713AFF2003CC015 /* Utilities */ = {
			isa = PBXGroup;
			children = (
				2B6B95C12713B026003CC015 /* AssetHelpers */,
			);
			path = Utilities;
			sourceTree = "<group>";
		};
		2B6B95C12713B026003CC015 /* AssetHelpers */ = {
			isa = PBXGroup;
			children = (
				2B6B95C22713B03A003CC015 /* TabBarImages.swift */,
			);
			path = AssetHelpers;
			sourceTree = "<group>";
		};
		2B6B95C42713B1D9003CC015 /* Favorites */ = {
			isa = PBXGroup;
			children = (
				2B6B95C72713B255003CC015 /* FavoriteViewController.swift */,
				2B6B95C92713B274003CC015 /* FavoriteViewModel.swift */,
				2B6B95CB2713B29A003CC015 /* FavoriteViewBuilder.swift */,
			);
			path = Favorites;
			sourceTree = "<group>";
		};
		2B6B95D32713C71E003CC015 /* CharacterList */ = {
			isa = PBXGroup;
			children = (
				2B6B95D42713C75F003CC015 /* CharacterListViewController.swift */,
				2B6B95D62713C78E003CC015 /* CharacterListViewBuilder.swift */,
				2B6B95D82713C7B8003CC015 /* CharacterListViewModel.swift */,
			);
			path = CharacterList;
			sourceTree = "<group>";
		};
		2B6B95DA2713CD80003CC015 /* Components */ = {
			isa = PBXGroup;
			children = (
				2B6B95E52713E9BA003CC015 /* ItemComponents */,
				2B6B95DE2713D355003CC015 /* SampleTest */,
				2B6B95DB2713CDA0003CC015 /* ItemListViewComponents */,
			);
			path = Components;
			sourceTree = "<group>";
		};
		2B6B95DB2713CDA0003CC015 /* ItemListViewComponents */ = {
			isa = PBXGroup;
			children = (
				2B6B95DC2713CDC2003CC015 /* ItemListView.swift */,
				2B6B95E12713E0BB003CC015 /* ItemListProtocol.swift */,
			);
			path = ItemListViewComponents;
			sourceTree = "<group>";
		};
		2B6B95DE2713D355003CC015 /* SampleTest */ = {
			isa = PBXGroup;
			children = (
				2B6B95DF2713D369003CC015 /* SampleTest.swift */,
			);
			path = SampleTest;
			sourceTree = "<group>";
		};
		2B6B95E52713E9BA003CC015 /* ItemComponents */ = {
			isa = PBXGroup;
			children = (
				2B6B95E62713E9DB003CC015 /* ItemTableViewCell.swift */,
			);
			path = ItemComponents;
			sourceTree = "<group>";
		};
/* End PBXGroup section */

/* Begin PBXNativeTarget section */
		2B6B95712712498C003CC015 /* HW3_Mustafa_Gorgun */ = {
			isa = PBXNativeTarget;
			buildConfigurationList = 2B6B959C27124990003CC015 /* Build configuration list for PBXNativeTarget "HW3_Mustafa_Gorgun" */;
			buildPhases = (
				2B6B956E2712498C003CC015 /* Sources */,
				2B6B956F2712498C003CC015 /* Frameworks */,
				2B6B95702712498C003CC015 /* Resources */,
			);
			buildRules = (
			);
			dependencies = (
			);
			name = HW3_Mustafa_Gorgun;
			packageProductDependencies = (
				2B6B95CE2713C1B8003CC015 /* DefaultNetworkOperationPackage */,
			);
			productName = HW3_Mustafa_Gorgun;
			productReference = 2B6B95722712498C003CC015 /* HW3_Mustafa_Gorgun.app */;
			productType = "com.apple.product-type.application";
		};
		2B6B958727124990003CC015 /* HW3_Mustafa_GorgunTests */ = {
			isa = PBXNativeTarget;
			buildConfigurationList = 2B6B959F27124990003CC015 /* Build configuration list for PBXNativeTarget "HW3_Mustafa_GorgunTests" */;
			buildPhases = (
				2B6B958427124990003CC015 /* Sources */,
				2B6B958527124990003CC015 /* Frameworks */,
				2B6B958627124990003CC015 /* Resources */,
			);
			buildRules = (
			);
			dependencies = (
				2B6B958A27124990003CC015 /* PBXTargetDependency */,
			);
			name = HW3_Mustafa_GorgunTests;
			productName = HW3_Mustafa_GorgunTests;
			productReference = 2B6B958827124990003CC015 /* HW3_Mustafa_GorgunTests.xctest */;
			productType = "com.apple.product-type.bundle.unit-test";
		};
		2B6B959127124990003CC015 /* HW3_Mustafa_GorgunUITests */ = {
			isa = PBXNativeTarget;
			buildConfigurationList = 2B6B95A227124990003CC015 /* Build configuration list for PBXNativeTarget "HW3_Mustafa_GorgunUITests" */;
			buildPhases = (
				2B6B958E27124990003CC015 /* Sources */,
				2B6B958F27124990003CC015 /* Frameworks */,
				2B6B959027124990003CC015 /* Resources */,
			);
			buildRules = (
			);
			dependencies = (
				2B6B959427124990003CC015 /* PBXTargetDependency */,
			);
			name = HW3_Mustafa_GorgunUITests;
			productName = HW3_Mustafa_GorgunUITests;
			productReference = 2B6B959227124990003CC015 /* HW3_Mustafa_GorgunUITests.xctest */;
			productType = "com.apple.product-type.bundle.ui-testing";
		};
/* End PBXNativeTarget section */

/* Begin PBXProject section */
		2B6B956A2712498C003CC015 /* Project object */ = {
			isa = PBXProject;
			attributes = {
				BuildIndependentTargetsInParallel = 1;
				LastSwiftUpdateCheck = 1300;
				LastUpgradeCheck = 1300;
				TargetAttributes = {
					2B6B95712712498C003CC015 = {
						CreatedOnToolsVersion = 13.0;
					};
					2B6B958727124990003CC015 = {
						CreatedOnToolsVersion = 13.0;
						TestTargetID = 2B6B95712712498C003CC015;
					};
					2B6B959127124990003CC015 = {
						CreatedOnToolsVersion = 13.0;
						TestTargetID = 2B6B95712712498C003CC015;
					};
				};
			};
			buildConfigurationList = 2B6B956D2712498C003CC015 /* Build configuration list for PBXProject "HW3_Mustafa_Gorgun" */;
			compatibilityVersion = "Xcode 13.0";
			developmentRegion = en;
			hasScannedForEncodings = 0;
			knownRegions = (
				en,
				Base,
			);
			mainGroup = 2B6B95692712498C003CC015;
			packageReferences = (
				2B6B95CD2713C1B8003CC015 /* XCRemoteSwiftPackageReference "DefaultNetworkOperationPackage" */,
			);
			productRefGroup = 2B6B95732712498C003CC015 /* Products */;
			projectDirPath = "";
			projectRoot = "";
			targets = (
				2B6B95712712498C003CC015 /* HW3_Mustafa_Gorgun */,
				2B6B958727124990003CC015 /* HW3_Mustafa_GorgunTests */,
				2B6B959127124990003CC015 /* HW3_Mustafa_GorgunUITests */,
			);
		};
/* End PBXProject section */

/* Begin PBXResourcesBuildPhase section */
		2B6B95702712498C003CC015 /* Resources */ = {
			isa = PBXResourcesBuildPhase;
			buildActionMask = 2147483647;
			files = (
				2B6B95822712498F003CC015 /* LaunchScreen.storyboard in Resources */,
				2B6B957F2712498F003CC015 /* Assets.xcassets in Resources */,
			);
			runOnlyForDeploymentPostprocessing = 0;
		};
		2B6B958627124990003CC015 /* Resources */ = {
			isa = PBXResourcesBuildPhase;
			buildActionMask = 2147483647;
			files = (
			);
			runOnlyForDeploymentPostprocessing = 0;
		};
		2B6B959027124990003CC015 /* Resources */ = {
			isa = PBXResourcesBuildPhase;
			buildActionMask = 2147483647;
			files = (
			);
			runOnlyForDeploymentPostprocessing = 0;
		};
/* End PBXResourcesBuildPhase section */

/* Begin PBXSourcesBuildPhase section */
		2B6B956E2712498C003CC015 /* Sources */ = {
			isa = PBXSourcesBuildPhase;
			buildActionMask = 2147483647;
			files = (
				2B6B957A2712498D003CC015 /* ViewController.swift in Sources */,
				2B6B95762712498C003CC015 /* AppDelegate.swift in Sources */,
				2B6B95BA2713A760003CC015 /* MainTabBarController.swift in Sources */,
				2B6B95B727138FE4003CC015 /* TestViewController.swift in Sources */,
				2B6B95D52713C75F003CC015 /* CharacterListViewController.swift in Sources */,
				2B6B95E02713D369003CC015 /* SampleTest.swift in Sources */,
				2B6B95C82713B255003CC015 /* FavoriteViewController.swift in Sources */,
				2B6B95E72713E9DB003CC015 /* ItemTableViewCell.swift in Sources */,
				2B6B95782712498D003CC015 /* SceneDelegate.swift in Sources */,
				2B6B95C32713B03A003CC015 /* TabBarImages.swift in Sources */,
				2B6B95D92713C7B8003CC015 /* CharacterListViewModel.swift in Sources */,
				2B6B95B5271353C1003CC015 /* GenericValueProtocol.swift in Sources */,
				2B6B95E22713E0BB003CC015 /* ItemListProtocol.swift in Sources */,
				2B6B95D72713C78E003CC015 /* CharacterListViewBuilder.swift in Sources */,
				2B6B95BC2713A849003CC015 /* MainTabBarBuilder.swift in Sources */,
				2B6B95CC2713B29A003CC015 /* FavoriteViewBuilder.swift in Sources */,
				2B6B95DD2713CDC2003CC015 /* ItemListView.swift in Sources */,
				2B6B95A827134F63003CC015 /* MainViewModel.swift in Sources */,
				2B6B95AF271351B3003CC015 /* BaseView.swift in Sources */,
				2B6B95B3271353A0003CC015 /* GenericBaseView.swift in Sources */,
				2B6B95B1271351F6003CC015 /* BaseViewController.swift in Sources */,
				2B6B95AA27135080003CC015 /* MainViewController.swift in Sources */,
				2B6B95E42713E256003CC015 /* GenericDataProtocol.swift in Sources */,
				2B6B95CA2713B274003CC015 /* FavoriteViewModel.swift in Sources */,
				2B6B95E92713EB82003CC015 /* BaseTableViewCell.swift in Sources */,
				2B6B95AC271350C3003CC015 /* MainViewBuilder.swift in Sources */,
			);
			runOnlyForDeploymentPostprocessing = 0;
		};
		2B6B958427124990003CC015 /* Sources */ = {
			isa = PBXSourcesBuildPhase;
			buildActionMask = 2147483647;
			files = (
				2B6B958D27124990003CC015 /* HW3_Mustafa_GorgunTests.swift in Sources */,
			);
			runOnlyForDeploymentPostprocessing = 0;
		};
		2B6B958E27124990003CC015 /* Sources */ = {
			isa = PBXSourcesBuildPhase;
			buildActionMask = 2147483647;
			files = (
				2B6B959727124990003CC015 /* HW3_Mustafa_GorgunUITests.swift in Sources */,
				2B6B959927124990003CC015 /* HW3_Mustafa_GorgunUITestsLaunchTests.swift in Sources */,
			);
			runOnlyForDeploymentPostprocessing = 0;
		};
/* End PBXSourcesBuildPhase section */

/* Begin PBXTargetDependency section */
		2B6B958A27124990003CC015 /* PBXTargetDependency */ = {
			isa = PBXTargetDependency;
			target = 2B6B95712712498C003CC015 /* HW3_Mustafa_Gorgun */;
			targetProxy = 2B6B958927124990003CC015 /* PBXContainerItemProxy */;
		};
		2B6B959427124990003CC015 /* PBXTargetDependency */ = {
			isa = PBXTargetDependency;
			target = 2B6B95712712498C003CC015 /* HW3_Mustafa_Gorgun */;
			targetProxy = 2B6B959327124990003CC015 /* PBXContainerItemProxy */;
		};
/* End PBXTargetDependency section */

/* Begin PBXVariantGroup section */
		2B6B95802712498F003CC015 /* LaunchScreen.storyboard */ = {
			isa = PBXVariantGroup;
			children = (
				2B6B95812712498F003CC015 /* Base */,
			);
			name = LaunchScreen.storyboard;
			sourceTree = "<group>";
		};
/* End PBXVariantGroup section */

/* Begin XCBuildConfiguration section */
		2B6B959A27124990003CC015 /* Debug */ = {
			isa = XCBuildConfiguration;
			buildSettings = {
				ALWAYS_SEARCH_USER_PATHS = NO;
				CLANG_ANALYZER_NONNULL = YES;
				CLANG_ANALYZER_NUMBER_OBJECT_CONVERSION = YES_AGGRESSIVE;
				CLANG_CXX_LANGUAGE_STANDARD = "gnu++17";
				CLANG_CXX_LIBRARY = "libc++";
				CLANG_ENABLE_MODULES = YES;
				CLANG_ENABLE_OBJC_ARC = YES;
				CLANG_ENABLE_OBJC_WEAK = YES;
				CLANG_WARN_BLOCK_CAPTURE_AUTORELEASING = YES;
				CLANG_WARN_BOOL_CONVERSION = YES;
				CLANG_WARN_COMMA = YES;
				CLANG_WARN_CONSTANT_CONVERSION = YES;
				CLANG_WARN_DEPRECATED_OBJC_IMPLEMENTATIONS = YES;
				CLANG_WARN_DIRECT_OBJC_ISA_USAGE = YES_ERROR;
				CLANG_WARN_DOCUMENTATION_COMMENTS = YES;
				CLANG_WARN_EMPTY_BODY = YES;
				CLANG_WARN_ENUM_CONVERSION = YES;
				CLANG_WARN_INFINITE_RECURSION = YES;
				CLANG_WARN_INT_CONVERSION = YES;
				CLANG_WARN_NON_LITERAL_NULL_CONVERSION = YES;
				CLANG_WARN_OBJC_IMPLICIT_RETAIN_SELF = YES;
				CLANG_WARN_OBJC_LITERAL_CONVERSION = YES;
				CLANG_WARN_OBJC_ROOT_CLASS = YES_ERROR;
				CLANG_WARN_QUOTED_INCLUDE_IN_FRAMEWORK_HEADER = YES;
				CLANG_WARN_RANGE_LOOP_ANALYSIS = YES;
				CLANG_WARN_STRICT_PROTOTYPES = YES;
				CLANG_WARN_SUSPICIOUS_MOVE = YES;
				CLANG_WARN_UNGUARDED_AVAILABILITY = YES_AGGRESSIVE;
				CLANG_WARN_UNREACHABLE_CODE = YES;
				CLANG_WARN__DUPLICATE_METHOD_MATCH = YES;
				COPY_PHASE_STRIP = NO;
				DEBUG_INFORMATION_FORMAT = dwarf;
				ENABLE_STRICT_OBJC_MSGSEND = YES;
				ENABLE_TESTABILITY = YES;
				GCC_C_LANGUAGE_STANDARD = gnu11;
				GCC_DYNAMIC_NO_PIC = NO;
				GCC_NO_COMMON_BLOCKS = YES;
				GCC_OPTIMIZATION_LEVEL = 0;
				GCC_PREPROCESSOR_DEFINITIONS = (
					"DEBUG=1",
					"$(inherited)",
				);
				GCC_WARN_64_TO_32_BIT_CONVERSION = YES;
				GCC_WARN_ABOUT_RETURN_TYPE = YES_ERROR;
				GCC_WARN_UNDECLARED_SELECTOR = YES;
				GCC_WARN_UNINITIALIZED_AUTOS = YES_AGGRESSIVE;
				GCC_WARN_UNUSED_FUNCTION = YES;
				GCC_WARN_UNUSED_VARIABLE = YES;
				IPHONEOS_DEPLOYMENT_TARGET = 15.0;
				MTL_ENABLE_DEBUG_INFO = INCLUDE_SOURCE;
				MTL_FAST_MATH = YES;
				ONLY_ACTIVE_ARCH = YES;
				SDKROOT = iphoneos;
				SWIFT_ACTIVE_COMPILATION_CONDITIONS = DEBUG;
				SWIFT_OPTIMIZATION_LEVEL = "-Onone";
			};
			name = Debug;
		};
		2B6B959B27124990003CC015 /* Release */ = {
			isa = XCBuildConfiguration;
			buildSettings = {
				ALWAYS_SEARCH_USER_PATHS = NO;
				CLANG_ANALYZER_NONNULL = YES;
				CLANG_ANALYZER_NUMBER_OBJECT_CONVERSION = YES_AGGRESSIVE;
				CLANG_CXX_LANGUAGE_STANDARD = "gnu++17";
				CLANG_CXX_LIBRARY = "libc++";
				CLANG_ENABLE_MODULES = YES;
				CLANG_ENABLE_OBJC_ARC = YES;
				CLANG_ENABLE_OBJC_WEAK = YES;
				CLANG_WARN_BLOCK_CAPTURE_AUTORELEASING = YES;
				CLANG_WARN_BOOL_CONVERSION = YES;
				CLANG_WARN_COMMA = YES;
				CLANG_WARN_CONSTANT_CONVERSION = YES;
				CLANG_WARN_DEPRECATED_OBJC_IMPLEMENTATIONS = YES;
				CLANG_WARN_DIRECT_OBJC_ISA_USAGE = YES_ERROR;
				CLANG_WARN_DOCUMENTATION_COMMENTS = YES;
				CLANG_WARN_EMPTY_BODY = YES;
				CLANG_WARN_ENUM_CONVERSION = YES;
				CLANG_WARN_INFINITE_RECURSION = YES;
				CLANG_WARN_INT_CONVERSION = YES;
				CLANG_WARN_NON_LITERAL_NULL_CONVERSION = YES;
				CLANG_WARN_OBJC_IMPLICIT_RETAIN_SELF = YES;
				CLANG_WARN_OBJC_LITERAL_CONVERSION = YES;
				CLANG_WARN_OBJC_ROOT_CLASS = YES_ERROR;
				CLANG_WARN_QUOTED_INCLUDE_IN_FRAMEWORK_HEADER = YES;
				CLANG_WARN_RANGE_LOOP_ANALYSIS = YES;
				CLANG_WARN_STRICT_PROTOTYPES = YES;
				CLANG_WARN_SUSPICIOUS_MOVE = YES;
				CLANG_WARN_UNGUARDED_AVAILABILITY = YES_AGGRESSIVE;
				CLANG_WARN_UNREACHABLE_CODE = YES;
				CLANG_WARN__DUPLICATE_METHOD_MATCH = YES;
				COPY_PHASE_STRIP = NO;
				DEBUG_INFORMATION_FORMAT = "dwarf-with-dsym";
				ENABLE_NS_ASSERTIONS = NO;
				ENABLE_STRICT_OBJC_MSGSEND = YES;
				GCC_C_LANGUAGE_STANDARD = gnu11;
				GCC_NO_COMMON_BLOCKS = YES;
				GCC_WARN_64_TO_32_BIT_CONVERSION = YES;
				GCC_WARN_ABOUT_RETURN_TYPE = YES_ERROR;
				GCC_WARN_UNDECLARED_SELECTOR = YES;
				GCC_WARN_UNINITIALIZED_AUTOS = YES_AGGRESSIVE;
				GCC_WARN_UNUSED_FUNCTION = YES;
				GCC_WARN_UNUSED_VARIABLE = YES;
				IPHONEOS_DEPLOYMENT_TARGET = 15.0;
				MTL_ENABLE_DEBUG_INFO = NO;
				MTL_FAST_MATH = YES;
				SDKROOT = iphoneos;
				SWIFT_COMPILATION_MODE = wholemodule;
				SWIFT_OPTIMIZATION_LEVEL = "-O";
				VALIDATE_PRODUCT = YES;
			};
			name = Release;
		};
		2B6B959D27124990003CC015 /* Debug */ = {
			isa = XCBuildConfiguration;
			buildSettings = {
				ASSETCATALOG_COMPILER_APPICON_NAME = AppIcon;
				ASSETCATALOG_COMPILER_GLOBAL_ACCENT_COLOR_NAME = AccentColor;
				CODE_SIGN_STYLE = Automatic;
				CURRENT_PROJECT_VERSION = 1;
				DEVELOPMENT_TEAM = HWG6WB2J76;
				GENERATE_INFOPLIST_FILE = YES;
				INFOPLIST_FILE = HW3_Mustafa_Gorgun/Info.plist;
				INFOPLIST_KEY_UIApplicationSupportsIndirectInputEvents = YES;
				INFOPLIST_KEY_UILaunchStoryboardName = LaunchScreen;
				INFOPLIST_KEY_UISupportedInterfaceOrientations_iPad = "UIInterfaceOrientationPortrait UIInterfaceOrientationPortraitUpsideDown UIInterfaceOrientationLandscapeLeft UIInterfaceOrientationLandscapeRight";
				INFOPLIST_KEY_UISupportedInterfaceOrientations_iPhone = "UIInterfaceOrientationPortrait UIInterfaceOrientationLandscapeLeft UIInterfaceOrientationLandscapeRight";
				LD_RUNPATH_SEARCH_PATHS = (
					"$(inherited)",
					"@executable_path/Frameworks",
				);
				MARKETING_VERSION = 1.0;
				PRODUCT_BUNDLE_IDENTIFIER = "com.MustafaGrgun.HW3-Mustafa-Gorgun";
				PRODUCT_NAME = "$(TARGET_NAME)";
				SWIFT_EMIT_LOC_STRINGS = YES;
				SWIFT_VERSION = 5.0;
				TARGETED_DEVICE_FAMILY = "1,2";
			};
			name = Debug;
		};
		2B6B959E27124990003CC015 /* Release */ = {
			isa = XCBuildConfiguration;
			buildSettings = {
				ASSETCATALOG_COMPILER_APPICON_NAME = AppIcon;
				ASSETCATALOG_COMPILER_GLOBAL_ACCENT_COLOR_NAME = AccentColor;
				CODE_SIGN_STYLE = Automatic;
				CURRENT_PROJECT_VERSION = 1;
				DEVELOPMENT_TEAM = HWG6WB2J76;
				GENERATE_INFOPLIST_FILE = YES;
				INFOPLIST_FILE = HW3_Mustafa_Gorgun/Info.plist;
				INFOPLIST_KEY_UIApplicationSupportsIndirectInputEvents = YES;
				INFOPLIST_KEY_UILaunchStoryboardName = LaunchScreen;
				INFOPLIST_KEY_UISupportedInterfaceOrientations_iPad = "UIInterfaceOrientationPortrait UIInterfaceOrientationPortraitUpsideDown UIInterfaceOrientationLandscapeLeft UIInterfaceOrientationLandscapeRight";
				INFOPLIST_KEY_UISupportedInterfaceOrientations_iPhone = "UIInterfaceOrientationPortrait UIInterfaceOrientationLandscapeLeft UIInterfaceOrientationLandscapeRight";
				LD_RUNPATH_SEARCH_PATHS = (
					"$(inherited)",
					"@executable_path/Frameworks",
				);
				MARKETING_VERSION = 1.0;
				PRODUCT_BUNDLE_IDENTIFIER = "com.MustafaGrgun.HW3-Mustafa-Gorgun";
				PRODUCT_NAME = "$(TARGET_NAME)";
				SWIFT_EMIT_LOC_STRINGS = YES;
				SWIFT_VERSION = 5.0;
				TARGETED_DEVICE_FAMILY = "1,2";
			};
			name = Release;
		};
		2B6B95A027124990003CC015 /* Debug */ = {
			isa = XCBuildConfiguration;
			buildSettings = {
				ALWAYS_EMBED_SWIFT_STANDARD_LIBRARIES = YES;
				BUNDLE_LOADER = "$(TEST_HOST)";
				CODE_SIGN_STYLE = Automatic;
				CURRENT_PROJECT_VERSION = 1;
				DEVELOPMENT_TEAM = HWG6WB2J76;
				GENERATE_INFOPLIST_FILE = YES;
				IPHONEOS_DEPLOYMENT_TARGET = 15.0;
				LD_RUNPATH_SEARCH_PATHS = (
					"$(inherited)",
					"@executable_path/Frameworks",
					"@loader_path/Frameworks",
				);
				MARKETING_VERSION = 1.0;
				PRODUCT_BUNDLE_IDENTIFIER = "com.MustafaGrgun.HW3-Mustafa-GorgunTests";
				PRODUCT_NAME = "$(TARGET_NAME)";
				SWIFT_EMIT_LOC_STRINGS = NO;
				SWIFT_VERSION = 5.0;
				TARGETED_DEVICE_FAMILY = "1,2";
				TEST_HOST = "$(BUILT_PRODUCTS_DIR)/HW3_Mustafa_Gorgun.app/HW3_Mustafa_Gorgun";
			};
			name = Debug;
		};
		2B6B95A127124990003CC015 /* Release */ = {
			isa = XCBuildConfiguration;
			buildSettings = {
				ALWAYS_EMBED_SWIFT_STANDARD_LIBRARIES = YES;
				BUNDLE_LOADER = "$(TEST_HOST)";
				CODE_SIGN_STYLE = Automatic;
				CURRENT_PROJECT_VERSION = 1;
				DEVELOPMENT_TEAM = HWG6WB2J76;
				GENERATE_INFOPLIST_FILE = YES;
				IPHONEOS_DEPLOYMENT_TARGET = 15.0;
				LD_RUNPATH_SEARCH_PATHS = (
					"$(inherited)",
					"@executable_path/Frameworks",
					"@loader_path/Frameworks",
				);
				MARKETING_VERSION = 1.0;
				PRODUCT_BUNDLE_IDENTIFIER = "com.MustafaGrgun.HW3-Mustafa-GorgunTests";
				PRODUCT_NAME = "$(TARGET_NAME)";
				SWIFT_EMIT_LOC_STRINGS = NO;
				SWIFT_VERSION = 5.0;
				TARGETED_DEVICE_FAMILY = "1,2";
				TEST_HOST = "$(BUILT_PRODUCTS_DIR)/HW3_Mustafa_Gorgun.app/HW3_Mustafa_Gorgun";
			};
			name = Release;
		};
		2B6B95A327124990003CC015 /* Debug */ = {
			isa = XCBuildConfiguration;
			buildSettings = {
				ALWAYS_EMBED_SWIFT_STANDARD_LIBRARIES = YES;
				CODE_SIGN_STYLE = Automatic;
				CURRENT_PROJECT_VERSION = 1;
				DEVELOPMENT_TEAM = HWG6WB2J76;
				GENERATE_INFOPLIST_FILE = YES;
				LD_RUNPATH_SEARCH_PATHS = (
					"$(inherited)",
					"@executable_path/Frameworks",
					"@loader_path/Frameworks",
				);
				MARKETING_VERSION = 1.0;
				PRODUCT_BUNDLE_IDENTIFIER = "com.MustafaGrgun.HW3-Mustafa-GorgunUITests";
				PRODUCT_NAME = "$(TARGET_NAME)";
				SWIFT_EMIT_LOC_STRINGS = NO;
				SWIFT_VERSION = 5.0;
				TARGETED_DEVICE_FAMILY = "1,2";
				TEST_TARGET_NAME = HW3_Mustafa_Gorgun;
			};
			name = Debug;
		};
		2B6B95A427124990003CC015 /* Release */ = {
			isa = XCBuildConfiguration;
			buildSettings = {
				ALWAYS_EMBED_SWIFT_STANDARD_LIBRARIES = YES;
				CODE_SIGN_STYLE = Automatic;
				CURRENT_PROJECT_VERSION = 1;
				DEVELOPMENT_TEAM = HWG6WB2J76;
				GENERATE_INFOPLIST_FILE = YES;
				LD_RUNPATH_SEARCH_PATHS = (
					"$(inherited)",
					"@executable_path/Frameworks",
					"@loader_path/Frameworks",
				);
				MARKETING_VERSION = 1.0;
				PRODUCT_BUNDLE_IDENTIFIER = "com.MustafaGrgun.HW3-Mustafa-GorgunUITests";
				PRODUCT_NAME = "$(TARGET_NAME)";
				SWIFT_EMIT_LOC_STRINGS = NO;
				SWIFT_VERSION = 5.0;
				TARGETED_DEVICE_FAMILY = "1,2";
				TEST_TARGET_NAME = HW3_Mustafa_Gorgun;
			};
			name = Release;
		};
/* End XCBuildConfiguration section */

/* Begin XCConfigurationList section */
		2B6B956D2712498C003CC015 /* Build configuration list for PBXProject "HW3_Mustafa_Gorgun" */ = {
			isa = XCConfigurationList;
			buildConfigurations = (
				2B6B959A27124990003CC015 /* Debug */,
				2B6B959B27124990003CC015 /* Release */,
			);
			defaultConfigurationIsVisible = 0;
			defaultConfigurationName = Release;
		};
		2B6B959C27124990003CC015 /* Build configuration list for PBXNativeTarget "HW3_Mustafa_Gorgun" */ = {
			isa = XCConfigurationList;
			buildConfigurations = (
				2B6B959D27124990003CC015 /* Debug */,
				2B6B959E27124990003CC015 /* Release */,
			);
			defaultConfigurationIsVisible = 0;
			defaultConfigurationName = Release;
		};
		2B6B959F27124990003CC015 /* Build configuration list for PBXNativeTarget "HW3_Mustafa_GorgunTests" */ = {
			isa = XCConfigurationList;
			buildConfigurations = (
				2B6B95A027124990003CC015 /* Debug */,
				2B6B95A127124990003CC015 /* Release */,
			);
			defaultConfigurationIsVisible = 0;
			defaultConfigurationName = Release;
		};
		2B6B95A227124990003CC015 /* Build configuration list for PBXNativeTarget "HW3_Mustafa_GorgunUITests" */ = {
			isa = XCConfigurationList;
			buildConfigurations = (
				2B6B95A327124990003CC015 /* Debug */,
				2B6B95A427124990003CC015 /* Release */,
			);
			defaultConfigurationIsVisible = 0;
			defaultConfigurationName = Release;
		};
/* End XCConfigurationList section */

/* Begin XCRemoteSwiftPackageReference section */
		2B6B95CD2713C1B8003CC015 /* XCRemoteSwiftPackageReference "DefaultNetworkOperationPackage" */ = {
			isa = XCRemoteSwiftPackageReference;
			repositoryURL = "https://github.com/erkutbas/DefaultNetworkOperationPackage.git";
			requirement = {
				branch = main;
				kind = branch;
			};
		};
/* End XCRemoteSwiftPackageReference section */

/* Begin XCSwiftPackageProductDependency section */
		2B6B95CE2713C1B8003CC015 /* DefaultNetworkOperationPackage */ = {
			isa = XCSwiftPackageProductDependency;
			package = 2B6B95CD2713C1B8003CC015 /* XCRemoteSwiftPackageReference "DefaultNetworkOperationPackage" */;
			productName = DefaultNetworkOperationPackage;
		};
/* End XCSwiftPackageProductDependency section */
	};
	rootObject = 2B6B956A2712498C003CC015 /* Project object */;
}
